github.com/qmstr/synclib v0.0.0-20210120104019-bcef7d5b1605 h1:yH0HH3cO1VJek5BduP38WXWFXaO3HfxIGDXPUqyZb6o=
github.com/qmstr/synclib/pkg/module/util v0.0.0-20210120104019-bcef7d5b1605 h1:5T1DLwSm3eCM0PVz/jeGVRg6ga1Bp1O2y7NF0fdez4I=
github.com/qmstr/synclib/pkg/module/util v0.0.0-20210120104019-bcef7d5b1605/go.mod h1:tCkToMYeiAI5bwzvWwlUvjsiPp3822GHXQd7hQnoKhA=
github.com/streadway/amqp v1.0.0 h1:kuuDrUJFZL1QYL9hUNuCxNObNzB0bV/ZG5jV3RWAQgo=
github.com/streadway/amqp v1.0.0/go.mod h1:AZpEONHx3DKn8O/DFsRAY58/XVQiIPMTMB1SddzLXVw=
